
Microsoft Visual Studio Solution File, Format Version 12.00
# Visual Studio Version 16
VisualStudioVersion = 16.0.30804.86
MinimumVisualStudioVersion = 10.0.40219.1
Project("{FAE04EC0-301F-11D3-BF4B-00C04F79EFBC}") = "Exposed.Core", "Exposed.Core\Exposed.Core.csproj", "{EA74B0FC-8CEA-4DE2-85A7-02A5E545D63A}"
EndProject
Project("{FAE04EC0-301F-11D3-BF4B-00C04F79EFBC}") = "Exposed.ConsoleApp", "Exposed.ConsoleApp\Exposed.ConsoleApp.csproj", "{4DE64758-EC28-4E1F-B62D-C4224F8BD0FA}"
EndProject
Global
	GlobalSection(SolutionConfigurationPlatforms) = preSolution
		Debug|Any CPU = Debug|Any CPU
		Debug|ARM = Debug|ARM
		Debug|ARM64 = Debug|ARM64
		Debug|x64 = Debug|x64
		Debug|x86 = Debug|x86
		Release|Any CPU = Release|Any CPU
		Release|ARM = Release|ARM
		Release|ARM64 = Release|ARM64
		Release|x64 = Release|x64
		Release|x86 = Release|x86
	EndGlobalSection
	GlobalSection(ProjectConfigurationPlatforms) = postSolution
		{EA74B0FC-8CEA-4DE2-85A7-02A5E545D63A}.Debug|Any CPU.ActiveCfg = Debug|Any CPU
		{EA74B0FC-8CEA-4DE2-85A7-02A5E545D63A}.Debug|Any CPU.Build.0 = Debug|Any CPU
		{EA74B0FC-8CEA-4DE2-85A7-02A5E545D63A}.Debug|ARM.ActiveCfg = Debug|Any CPU
		{EA74B0FC-8CEA-4DE2-85A7-02A5E545D63A}.Debug|ARM.Build.0 = Debug|Any CPU
		{EA74B0FC-8CEA-4DE2-85A7-02A5E545D63A}.Debug|ARM64.ActiveCfg = Debug|Any CPU
		{EA74B0FC-8CEA-4DE2-85A7-02A5E545D63A}.Debug|ARM64.Build.0 = Debug|Any CPU
		{EA74B0FC-8CEA-4DE2-85A7-02A5E545D63A}.Debug|x64.ActiveCfg = Debug|Any CPU
		{EA74B0FC-8CEA-4DE2-85A7-02A5E545D63A}.Debug|x64.Build.0 = Debug|Any CPU
		{EA74B0FC-8CEA-4DE2-85A7-02A5E545D63A}.Debug|x86.ActiveCfg = Debug|Any CPU
		{EA74B0FC-8CEA-4DE2-85A7-02A5E545D63A}.Debug|x86.Build.0 = Debug|Any CPU
		{EA74B0FC-8CEA-4DE2-85A7-02A5E545D63A}.Release|Any CPU.ActiveCfg = Release|Any CPU
		{EA74B0FC-8CEA-4DE2-85A7-02A5E545D63A}.Release|Any CPU.Build.0 = Release|Any CPU
		{EA74B0FC-8CEA-4DE2-85A7-02A5E545D63A}.Release|ARM.ActiveCfg = Release|Any CPU
		{EA74B0FC-8CEA-4DE2-85A7-02A5E545D63A}.Release|ARM.Build.0 = Release|Any CPU
		{EA74B0FC-8CEA-4DE2-85A7-02A5E545D63A}.Release|ARM64.ActiveCfg = Release|Any CPU
		{EA74B0FC-8CEA-4DE2-85A7-02A5E545D63A}.Release|ARM64.Build.0 = Release|Any CPU
		{EA74B0FC-8CEA-4DE2-85A7-02A5E545D63A}.Release|x64.ActiveCfg = Release|Any CPU
		{EA74B0FC-8CEA-4DE2-85A7-02A5E545D63A}.Release|x64.Build.0 = Release|Any CPU
		{EA74B0FC-8CEA-4DE2-85A7-02A5E545D63A}.Release|x86.ActiveCfg = Release|Any CPU
		{EA74B0FC-8CEA-4DE2-85A7-02A5E545D63A}.Release|x86.Build.0 = Release|Any CPU
		{4DE64758-EC28-4E1F-B62D-C4224F8BD0FA}.Debug|Any CPU.ActiveCfg = Debug|Any CPU
		{4DE64758-EC28-4E1F-B62D-C4224F8BD0FA}.Debug|Any CPU.Build.0 = Debug|Any CPU
		{4DE64758-EC28-4E1F-B62D-C4224F8BD0FA}.Debug|ARM.ActiveCfg = Debug|Any CPU
		{4DE64758-EC28-4E1F-B62D-C4224F8BD0FA}.Debug|ARM.Build.0 = Debug|Any CPU
		{4DE64758-EC28-4E1F-B62D-C4224F8BD0FA}.Debug|ARM64.ActiveCfg = Debug|Any CPU
		{4DE64758-EC28-4E1F-B62D-C4224F8BD0FA}.Debug|ARM64.Build.0 = Debug|Any CPU
		{4DE64758-EC28-4E1F-B62D-C4224F8BD0FA}.Debug|x64.ActiveCfg = Debug|Any CPU
		{4DE64758-EC28-4E1F-B62D-C4224F8BD0FA}.Debug|x64.Build.0 = Debug|Any CPU
		{4DE64758-EC28-4E1F-B62D-C4224F8BD0FA}.Debug|x86.ActiveCfg = Debug|Any CPU
		{4DE64758-EC28-4E1F-B62D-C4224F8BD0FA}.Debug|x86.Build.0 = Debug|Any CPU
		{4DE64758-EC28-4E1F-B62D-C4224F8BD0FA}.Release|Any CPU.ActiveCfg = Release|Any CPU
		{4DE64758-EC28-4E1F-B62D-C4224F8BD0FA}.Release|Any CPU.Build.0 = Release|Any CPU
		{4DE64758-EC28-4E1F-B62D-C4224F8BD0FA}.Release|ARM.ActiveCfg = Release|Any CPU
		{4DE64758-EC28-4E1F-B62D-C4224F8BD0FA}.Release|ARM.Build.0 = Release|Any CPU
		{4DE64758-EC28-4E1F-B62D-C4224F8BD0FA}.Release|ARM64.ActiveCfg = Release|Any CPU
		{4DE64758-EC28-4E1F-B62D-C4224F8BD0FA}.Release|ARM64.Build.0 = Release|Any CPU
		{4DE64758-EC28-4E1F-B62D-C4224F8BD0FA}.Release|x64.ActiveCfg = Release|Any CPU
		{4DE64758-EC28-4E1F-B62D-C4224F8BD0FA}.Release|x64.Build.0 = Release|Any CPU
		{4DE64758-EC28-4E1F-B62D-C4224F8BD0FA}.Release|x86.ActiveCfg = Release|Any CPU
		{4DE64758-EC28-4E1F-B62D-C4224F8BD0FA}.Release|x86.Build.0 = Release|Any CPU
	EndGlobalSection
	GlobalSection(SolutionProperties) = preSolution
		HideSolutionNode = FALSE
	EndGlobalSection
	GlobalSection(ExtensibilityGlobals) = postSolution
		SolutionGuid = {B2398F11-F1D8-40D1-A191-3434D121A031}
	EndGlobalSection
EndGlobal
